
Microsoft Visual Studio Solution File, Format Version 12.00
# Visual Studio 15
VisualStudioVersion = 15.0.28307.779
MinimumVisualStudioVersion = 10.0.40219.1
Project("{FAE04EC0-301F-11D3-BF4B-00C04F79EFBC}") = "StudentDLL", "StudentDLL\StudentDLL.csproj", "{0B9DEB91-7FB9-4FC8-8C44-6F291170791F}"
EndProject
Project("{FAE04EC0-301F-11D3-BF4B-00C04F79EFBC}") = "StudentConsole", "StudentConsole\StudentConsole.csproj", "{09536A21-3B1E-4A02-88C2-994E40624AEC}"
EndProject
Global
	GlobalSection(SolutionConfigurationPlatforms) = preSolution
		Debug|Any CPU = Debug|Any CPU
		Release|Any CPU = Release|Any CPU
	EndGlobalSection
	GlobalSection(ProjectConfigurationPlatforms) = postSolution
		{0B9DEB91-7FB9-4FC8-8C44-6F291170791F}.Debug|Any CPU.ActiveCfg = Debug|Any CPU
		{0B9DEB91-7FB9-4FC8-8C44-6F291170791F}.Debug|Any CPU.Build.0 = Debug|Any CPU
		{0B9DEB91-7FB9-4FC8-8C44-6F291170791F}.Release|Any CPU.ActiveCfg = Release|Any CPU
		{0B9DEB91-7FB9-4FC8-8C44-6F291170791F}.Release|Any CPU.Build.0 = Release|Any CPU
		{09536A21-3B1E-4A02-88C2-994E40624AEC}.Debug|Any CPU.ActiveCfg = Debug|Any CPU
		{09536A21-3B1E-4A02-88C2-994E40624AEC}.Debug|Any CPU.Build.0 = Debug|Any CPU
		{09536A21-3B1E-4A02-88C2-994E40624AEC}.Release|Any CPU.ActiveCfg = Release|Any CPU
		{09536A21-3B1E-4A02-88C2-994E40624AEC}.Release|Any CPU.Build.0 = Release|Any CPU
	EndGlobalSection
	GlobalSection(SolutionProperties) = preSolution
		HideSolutionNode = FALSE
	EndGlobalSection
	GlobalSection(ExtensibilityGlobals) = postSolution
		SolutionGuid = {B0C14671-9233-4553-B147-90E045FD47C7}
	EndGlobalSection
EndGlobal
